
Microsoft Visual Studio Solution File, Format Version 12.00
# Visual Studio Version 16
VisualStudioVersion = 16.0.30114.105
MinimumVisualStudioVersion = 10.0.40219.1
Project("{FAE04EC0-301F-11D3-BF4B-00C04F79EFBC}") = "ApiLayer", "ApiLayer\ApiLayer.csproj", "{47F1829E-B4B1-4FCA-B39B-05006BEE2716}"
EndProject
Project("{FAE04EC0-301F-11D3-BF4B-00C04F79EFBC}") = "BusinessLayer", "BusinessLayer\BusinessLayer.csproj", "{566E9502-3614-4102-AA87-CC4481517A17}"
EndProject
Project("{FAE04EC0-301F-11D3-BF4B-00C04F79EFBC}") = "RepoLayer", "RepoLayer\RepoLayer.csproj", "{6413ABFF-CB4F-4B81-A9A3-955C8D1BCBDD}"
EndProject
Project("{FAE04EC0-301F-11D3-BF4B-00C04F79EFBC}") = "Models", "Models\Models.csproj", "{F9F54AE9-D7D9-4F04-AA80-ABD649B02388}"
EndProject
Global
	GlobalSection(SolutionConfigurationPlatforms) = preSolution
		Debug|Any CPU = Debug|Any CPU
		Release|Any CPU = Release|Any CPU
	EndGlobalSection
	GlobalSection(SolutionProperties) = preSolution
		HideSolutionNode = FALSE
	EndGlobalSection
	GlobalSection(ProjectConfigurationPlatforms) = postSolution
		{47F1829E-B4B1-4FCA-B39B-05006BEE2716}.Debug|Any CPU.ActiveCfg = Debug|Any CPU
		{47F1829E-B4B1-4FCA-B39B-05006BEE2716}.Debug|Any CPU.Build.0 = Debug|Any CPU
		{47F1829E-B4B1-4FCA-B39B-05006BEE2716}.Release|Any CPU.ActiveCfg = Release|Any CPU
		{47F1829E-B4B1-4FCA-B39B-05006BEE2716}.Release|Any CPU.Build.0 = Release|Any CPU
		{566E9502-3614-4102-AA87-CC4481517A17}.Debug|Any CPU.ActiveCfg = Debug|Any CPU
		{566E9502-3614-4102-AA87-CC4481517A17}.Debug|Any CPU.Build.0 = Debug|Any CPU
		{566E9502-3614-4102-AA87-CC4481517A17}.Release|Any CPU.ActiveCfg = Release|Any CPU
		{566E9502-3614-4102-AA87-CC4481517A17}.Release|Any CPU.Build.0 = Release|Any CPU
		{6413ABFF-CB4F-4B81-A9A3-955C8D1BCBDD}.Debug|Any CPU.ActiveCfg = Debug|Any CPU
		{6413ABFF-CB4F-4B81-A9A3-955C8D1BCBDD}.Debug|Any CPU.Build.0 = Debug|Any CPU
		{6413ABFF-CB4F-4B81-A9A3-955C8D1BCBDD}.Release|Any CPU.ActiveCfg = Release|Any CPU
		{6413ABFF-CB4F-4B81-A9A3-955C8D1BCBDD}.Release|Any CPU.Build.0 = Release|Any CPU
		{F9F54AE9-D7D9-4F04-AA80-ABD649B02388}.Debug|Any CPU.ActiveCfg = Debug|Any CPU
		{F9F54AE9-D7D9-4F04-AA80-ABD649B02388}.Debug|Any CPU.Build.0 = Debug|Any CPU
		{F9F54AE9-D7D9-4F04-AA80-ABD649B02388}.Release|Any CPU.ActiveCfg = Release|Any CPU
		{F9F54AE9-D7D9-4F04-AA80-ABD649B02388}.Release|Any CPU.Build.0 = Release|Any CPU
	EndGlobalSection
EndGlobal
